// !$*UTF8*$!
{
	archiveVersion = 1;
	classes = {
	};
	objectVersion = 56;
	objects = {

/* Begin PBXBuildFile section */
		0705EB2E2AA740E40032420E /* NowCell.swift in Sources */ = {isa = PBXBuildFile; fileRef = 0705EB2D2AA740E40032420E /* NowCell.swift */; };
		073E93DF2AA5F7E50008DEC7 /* MyPageViewController.swift in Sources */ = {isa = PBXBuildFile; fileRef = 073E93DE2AA5F7E50008DEC7 /* MyPageViewController.swift */; };
		073E93E12AA5F8030008DEC7 /* BottomViewController.swift in Sources */ = {isa = PBXBuildFile; fileRef = 073E93E02AA5F8030008DEC7 /* BottomViewController.swift */; };
		073E93E72AA6B6D20008DEC7 /* SnapKit in Frameworks */ = {isa = PBXBuildFile; productRef = 073E93E62AA6B6D20008DEC7 /* SnapKit */; };
		1C42BA072AA8255300A819BB /* CanvasView.swift in Sources */ = {isa = PBXBuildFile; fileRef = 1C42BA042AA8255300A819BB /* CanvasView.swift */; };
		1C42BA082AA8255300A819BB /* ColorCell.swift in Sources */ = {isa = PBXBuildFile; fileRef = 1C42BA052AA8255300A819BB /* ColorCell.swift */; };
		1C5004352AAB56BE00DBE27E /* UIImage+Extension.swift in Sources */ = {isa = PBXBuildFile; fileRef = 1C5004342AAB56BE00DBE27E /* UIImage+Extension.swift */; };
		1C5004372AAB574C00DBE27E /* UIColor+Extension.swift in Sources */ = {isa = PBXBuildFile; fileRef = 1C5004362AAB574C00DBE27E /* UIColor+Extension.swift */; };
		1C5004392AAB63B500DBE27E /* TextFieldContainerView.swift in Sources */ = {isa = PBXBuildFile; fileRef = 1C5004382AAB63B500DBE27E /* TextFieldContainerView.swift */; };
		1C50043B2AAB6A4400DBE27E /* BaseUITextField.swift in Sources */ = {isa = PBXBuildFile; fileRef = 1C50043A2AAB6A4400DBE27E /* BaseUITextField.swift */; };
		1C5004402AAC534300DBE27E /* MapDetailViewController.swift in Sources */ = {isa = PBXBuildFile; fileRef = 1C50043F2AAC534300DBE27E /* MapDetailViewController.swift */; };
		1C5004422AAC642900DBE27E /* DoodleMarker.swift in Sources */ = {isa = PBXBuildFile; fileRef = 1C5004412AAC642900DBE27E /* DoodleMarker.swift */; };
		1C98C6822AA5ED4A0029AAAA /* AppDelegate.swift in Sources */ = {isa = PBXBuildFile; fileRef = 1C98C6802AA5ED4A0029AAAA /* AppDelegate.swift */; };
		1C98C6832AA5ED4A0029AAAA /* SceneDelegate.swift in Sources */ = {isa = PBXBuildFile; fileRef = 1C98C6812AA5ED4A0029AAAA /* SceneDelegate.swift */; };
		1C98C6872AA5EDA10029AAAA /* LaunchScreen.storyboard in Resources */ = {isa = PBXBuildFile; fileRef = 1C98C6852AA5EDA10029AAAA /* LaunchScreen.storyboard */; };
		1C98C6882AA5EDA10029AAAA /* Assets.xcassets in Resources */ = {isa = PBXBuildFile; fileRef = 1C98C6862AA5EDA10029AAAA /* Assets.xcassets */; };
		1C98C68A2AA5EFB30029AAAA /* SigninViewController.swift in Sources */ = {isa = PBXBuildFile; fileRef = 1C98C6892AA5EFB30029AAAA /* SigninViewController.swift */; };
		1C98C6AF2AA5F19C0029AAAA /* UIView+Extension.swift in Sources */ = {isa = PBXBuildFile; fileRef = 1C98C6AE2AA5F19C0029AAAA /* UIView+Extension.swift */; };
		1C98C6B72AA5F3ED0029AAAA /* Then in Frameworks */ = {isa = PBXBuildFile; productRef = 1C98C6B62AA5F3ED0029AAAA /* Then */; };
		1C98C6BA2AA5F4160029AAAA /* Alamofire in Frameworks */ = {isa = PBXBuildFile; productRef = 1C98C6B92AA5F4160029AAAA /* Alamofire */; };
		1C98C6C12AA611D40029AAAA /* CreateDoodleViewController.swift in Sources */ = {isa = PBXBuildFile; fileRef = 1C98C6C02AA611D40029AAAA /* CreateDoodleViewController.swift */; };
		27CA64E42AA5FC3000C74113 /* MapView.swift in Sources */ = {isa = PBXBuildFile; fileRef = 27CA64E32AA5FC3000C74113 /* MapView.swift */; };
		27CA64E72AA6020300C74113 /* (null) in Frameworks */ = {isa = PBXBuildFile; };
		27CA64EA2AA607BA00C74113 /* SnapKit in Frameworks */ = {isa = PBXBuildFile; productRef = 27CA64E92AA607BA00C74113 /* SnapKit */; };
		27CA64F02AA7031F00C74113 /* MapViewController.swift in Sources */ = {isa = PBXBuildFile; fileRef = 27CA64EF2AA7031F00C74113 /* MapViewController.swift */; };
		27CA64F22AA8488000C74113 /* CustomAnnotation.swift in Sources */ = {isa = PBXBuildFile; fileRef = 27CA64F12AA8488000C74113 /* CustomAnnotation.swift */; };
		27CA64F42AA84CE000C74113 /* UIViewPreview.swift in Sources */ = {isa = PBXBuildFile; fileRef = 27CA64F32AA84CE000C74113 /* UIViewPreview.swift */; };
		27CA64FC2AA86C8100C74113 /* MapDetailView.swift in Sources */ = {isa = PBXBuildFile; fileRef = 27CA64FB2AA86C8100C74113 /* MapDetailView.swift */; };
		27F281F92AA9B8D3006E180B /* CustomButton.swift in Sources */ = {isa = PBXBuildFile; fileRef = 27F281F82AA9B8D3006E180B /* CustomButton.swift */; };
		27F281FB2AA9D5C4006E180B /* CircleButton.swift in Sources */ = {isa = PBXBuildFile; fileRef = 27F281FA2AA9D5C4006E180B /* CircleButton.swift */; };
		27F282092AAD8F69006E180B /* URLManager.swift in Sources */ = {isa = PBXBuildFile; fileRef = 27F282082AAD8F69006E180B /* URLManager.swift */; };
		27F2820B2AAD8F76006E180B /* URLEncoder.swift in Sources */ = {isa = PBXBuildFile; fileRef = 27F2820A2AAD8F76006E180B /* URLEncoder.swift */; };
		C71D12A22AA6ACAA0090581B /* SignupViewController.swift in Sources */ = {isa = PBXBuildFile; fileRef = C71D12A12AA6ACAA0090581B /* SignupViewController.swift */; };
		C77A361F2AA607480011F011 /* (null) in Frameworks */ = {isa = PBXBuildFile; };
/* End PBXBuildFile section */

/* Begin PBXFileReference section */
		0705EB2D2AA740E40032420E /* NowCell.swift */ = {isa = PBXFileReference; lastKnownFileType = sourcecode.swift; path = NowCell.swift; sourceTree = "<group>"; tabWidth = 4; usesTabs = 0; };
		073E93DE2AA5F7E50008DEC7 /* MyPageViewController.swift */ = {isa = PBXFileReference; lastKnownFileType = sourcecode.swift; path = MyPageViewController.swift; sourceTree = "<group>"; };
		073E93E02AA5F8030008DEC7 /* BottomViewController.swift */ = {isa = PBXFileReference; lastKnownFileType = sourcecode.swift; path = BottomViewController.swift; sourceTree = "<group>"; };
		1C42BA042AA8255300A819BB /* CanvasView.swift */ = {isa = PBXFileReference; fileEncoding = 4; lastKnownFileType = sourcecode.swift; path = CanvasView.swift; sourceTree = "<group>"; };
		1C42BA052AA8255300A819BB /* ColorCell.swift */ = {isa = PBXFileReference; fileEncoding = 4; lastKnownFileType = sourcecode.swift; path = ColorCell.swift; sourceTree = "<group>"; };
		1C5004342AAB56BE00DBE27E /* UIImage+Extension.swift */ = {isa = PBXFileReference; lastKnownFileType = sourcecode.swift; path = "UIImage+Extension.swift"; sourceTree = "<group>"; };
		1C5004362AAB574C00DBE27E /* UIColor+Extension.swift */ = {isa = PBXFileReference; lastKnownFileType = sourcecode.swift; path = "UIColor+Extension.swift"; sourceTree = "<group>"; };
		1C5004382AAB63B500DBE27E /* TextFieldContainerView.swift */ = {isa = PBXFileReference; lastKnownFileType = sourcecode.swift; path = TextFieldContainerView.swift; sourceTree = "<group>"; };
		1C50043A2AAB6A4400DBE27E /* BaseUITextField.swift */ = {isa = PBXFileReference; lastKnownFileType = sourcecode.swift; path = BaseUITextField.swift; sourceTree = "<group>"; };
		1C50043F2AAC534300DBE27E /* MapDetailViewController.swift */ = {isa = PBXFileReference; fileEncoding = 4; lastKnownFileType = sourcecode.swift; path = MapDetailViewController.swift; sourceTree = "<group>"; };
		1C5004412AAC642900DBE27E /* DoodleMarker.swift */ = {isa = PBXFileReference; lastKnownFileType = sourcecode.swift; path = DoodleMarker.swift; sourceTree = "<group>"; };
		1C98C6682AA5ECDD0029AAAA /* Doodle.app */ = {isa = PBXFileReference; explicitFileType = wrapper.application; includeInIndex = 0; path = Doodle.app; sourceTree = BUILT_PRODUCTS_DIR; };
		1C98C6792AA5ECDE0029AAAA /* Info.plist */ = {isa = PBXFileReference; lastKnownFileType = text.plist.xml; path = Info.plist; sourceTree = "<group>"; };
		1C98C6802AA5ED4A0029AAAA /* AppDelegate.swift */ = {isa = PBXFileReference; fileEncoding = 4; lastKnownFileType = sourcecode.swift; path = AppDelegate.swift; sourceTree = "<group>"; };
		1C98C6812AA5ED4A0029AAAA /* SceneDelegate.swift */ = {isa = PBXFileReference; fileEncoding = 4; lastKnownFileType = sourcecode.swift; path = SceneDelegate.swift; sourceTree = "<group>"; };
		1C98C6852AA5EDA10029AAAA /* LaunchScreen.storyboard */ = {isa = PBXFileReference; fileEncoding = 4; lastKnownFileType = file.storyboard; path = LaunchScreen.storyboard; sourceTree = "<group>"; };
		1C98C6862AA5EDA10029AAAA /* Assets.xcassets */ = {isa = PBXFileReference; lastKnownFileType = folder.assetcatalog; path = Assets.xcassets; sourceTree = "<group>"; };
		1C98C6892AA5EFB30029AAAA /* SigninViewController.swift */ = {isa = PBXFileReference; fileEncoding = 4; lastKnownFileType = sourcecode.swift; path = SigninViewController.swift; sourceTree = "<group>"; };
		1C98C6AE2AA5F19C0029AAAA /* UIView+Extension.swift */ = {isa = PBXFileReference; lastKnownFileType = sourcecode.swift; path = "UIView+Extension.swift"; sourceTree = "<group>"; };
		1C98C6C02AA611D40029AAAA /* CreateDoodleViewController.swift */ = {isa = PBXFileReference; lastKnownFileType = sourcecode.swift; path = CreateDoodleViewController.swift; sourceTree = "<group>"; };
		27CA64E32AA5FC3000C74113 /* MapView.swift */ = {isa = PBXFileReference; lastKnownFileType = sourcecode.swift; path = MapView.swift; sourceTree = "<group>"; };
		27CA64EF2AA7031F00C74113 /* MapViewController.swift */ = {isa = PBXFileReference; lastKnownFileType = sourcecode.swift; path = MapViewController.swift; sourceTree = "<group>"; };
		27CA64F12AA8488000C74113 /* CustomAnnotation.swift */ = {isa = PBXFileReference; lastKnownFileType = sourcecode.swift; path = CustomAnnotation.swift; sourceTree = "<group>"; };
		27CA64F32AA84CE000C74113 /* UIViewPreview.swift */ = {isa = PBXFileReference; lastKnownFileType = sourcecode.swift; path = UIViewPreview.swift; sourceTree = "<group>"; };
		27CA64FB2AA86C8100C74113 /* MapDetailView.swift */ = {isa = PBXFileReference; lastKnownFileType = sourcecode.swift; path = MapDetailView.swift; sourceTree = "<group>"; };
		27F281F82AA9B8D3006E180B /* CustomButton.swift */ = {isa = PBXFileReference; lastKnownFileType = sourcecode.swift; path = CustomButton.swift; sourceTree = "<group>"; };
		27F281FA2AA9D5C4006E180B /* CircleButton.swift */ = {isa = PBXFileReference; lastKnownFileType = sourcecode.swift; path = CircleButton.swift; sourceTree = "<group>"; };
		27F282082AAD8F69006E180B /* URLManager.swift */ = {isa = PBXFileReference; lastKnownFileType = sourcecode.swift; path = URLManager.swift; sourceTree = "<group>"; };
		27F2820A2AAD8F76006E180B /* URLEncoder.swift */ = {isa = PBXFileReference; lastKnownFileType = sourcecode.swift; path = URLEncoder.swift; sourceTree = "<group>"; };
		C71D12A12AA6ACAA0090581B /* SignupViewController.swift */ = {isa = PBXFileReference; lastKnownFileType = sourcecode.swift; path = SignupViewController.swift; sourceTree = "<group>"; };
/* End PBXFileReference section */

/* Begin PBXFrameworksBuildPhase section */
		1C98C6652AA5ECDD0029AAAA /* Frameworks */ = {
			isa = PBXFrameworksBuildPhase;
			buildActionMask = 2147483647;
			files = (
				27CA64E72AA6020300C74113 /* (null) in Frameworks */,
				073E93E72AA6B6D20008DEC7 /* SnapKit in Frameworks */,
				C77A361F2AA607480011F011 /* (null) in Frameworks */,
				27CA64EA2AA607BA00C74113 /* SnapKit in Frameworks */,
				1C98C6BA2AA5F4160029AAAA /* Alamofire in Frameworks */,
				1C98C6B72AA5F3ED0029AAAA /* Then in Frameworks */,
			);
			runOnlyForDeploymentPostprocessing = 0;
		};
/* End PBXFrameworksBuildPhase section */

/* Begin PBXGroup section */
		1C98C65F2AA5ECDD0029AAAA = {
			isa = PBXGroup;
			children = (
				1C98C66A2AA5ECDD0029AAAA /* Doodle */,
				1C98C6692AA5ECDD0029AAAA /* Products */,
			);
			sourceTree = "<group>";
		};
		1C98C6692AA5ECDD0029AAAA /* Products */ = {
			isa = PBXGroup;
			children = (
				1C98C6682AA5ECDD0029AAAA /* Doodle.app */,
			);
			name = Products;
			sourceTree = "<group>";
		};
		1C98C66A2AA5ECDD0029AAAA /* Doodle */ = {
			isa = PBXGroup;
			children = (
				1C98C6932AA5F17F0029AAAA /* Source */,
				1C98C6842AA5EDA10029AAAA /* Resource */,
				1C98C67F2AA5ED4A0029AAAA /* Application */,
				1C98C6792AA5ECDE0029AAAA /* Info.plist */,
			);
			path = Doodle;
			sourceTree = "<group>";
		};
		1C98C67F2AA5ED4A0029AAAA /* Application */ = {
			isa = PBXGroup;
			children = (
				1C98C6802AA5ED4A0029AAAA /* AppDelegate.swift */,
				1C98C6812AA5ED4A0029AAAA /* SceneDelegate.swift */,
			);
			path = Application;
			sourceTree = "<group>";
		};
		1C98C6842AA5EDA10029AAAA /* Resource */ = {
			isa = PBXGroup;
			children = (
				1C98C6852AA5EDA10029AAAA /* LaunchScreen.storyboard */,
				1C98C6862AA5EDA10029AAAA /* Assets.xcassets */,
			);
			path = Resource;
			sourceTree = "<group>";
		};
		1C98C6932AA5F17F0029AAAA /* Source */ = {
			isa = PBXGroup;
			children = (
				1C98C6942AA5F17F0029AAAA /* Extension */,
				1C98C6952AA5F17F0029AAAA /* Data */,
				1C98C6972AA5F17F0029AAAA /* Presentation */,
			);
			path = Source;
			sourceTree = "<group>";
		};
		1C98C6942AA5F17F0029AAAA /* Extension */ = {
			isa = PBXGroup;
			children = (
				1C98C6AE2AA5F19C0029AAAA /* UIView+Extension.swift */,
				1C5004342AAB56BE00DBE27E /* UIImage+Extension.swift */,
				1C5004362AAB574C00DBE27E /* UIColor+Extension.swift */,
				27F282082AAD8F69006E180B /* URLManager.swift */,
				27F2820A2AAD8F76006E180B /* URLEncoder.swift */,
			);
			path = Extension;
			sourceTree = "<group>";
		};
		1C98C6952AA5F17F0029AAAA /* Data */ = {
			isa = PBXGroup;
			children = (
				1C5004412AAC642900DBE27E /* DoodleMarker.swift */,
			);
			path = Data;
			sourceTree = "<group>";
		};
		1C98C6972AA5F17F0029AAAA /* Presentation */ = {
			isa = PBXGroup;
			children = (
				1C98C6982AA5F17F0029AAAA /* DetailDoodle */,
				1C98C69C2AA5F17F0029AAAA /* CreateDoodle */,
				1C98C69E2AA5F17F0029AAAA /* MapBottomSheet */,
				1C98C6A02AA5F17F0029AAAA /* Map */,
				1C98C6A22AA5F17F0029AAAA /* SignIn */,
				1C98C69A2AA5F17F0029AAAA /* SignUp */,
				1C98C6A42AA5F17F0029AAAA /* Profile */,
			);
			path = Presentation;
			sourceTree = "<group>";
		};
		1C98C6982AA5F17F0029AAAA /* DetailDoodle */ = {
			isa = PBXGroup;
			children = (
				1C50043F2AAC534300DBE27E /* MapDetailViewController.swift */,
				27CA64FB2AA86C8100C74113 /* MapDetailView.swift */,
			);
			path = DetailDoodle;
			sourceTree = "<group>";
		};
		1C98C69A2AA5F17F0029AAAA /* SignUp */ = {
			isa = PBXGroup;
			children = (
				C71D12A12AA6ACAA0090581B /* SignupViewController.swift */,
			);
			path = SignUp;
			sourceTree = "<group>";
		};
		1C98C69C2AA5F17F0029AAAA /* CreateDoodle */ = {
			isa = PBXGroup;
			children = (
				1C42BA042AA8255300A819BB /* CanvasView.swift */,
				1C42BA052AA8255300A819BB /* ColorCell.swift */,
				1C98C6C02AA611D40029AAAA /* CreateDoodleViewController.swift */,
			);
			path = CreateDoodle;
			sourceTree = "<group>";
		};
		1C98C69E2AA5F17F0029AAAA /* MapBottomSheet */ = {
			isa = PBXGroup;
			children = (
				073E93E02AA5F8030008DEC7 /* BottomViewController.swift */,
				0705EB2D2AA740E40032420E /* NowCell.swift */,
			);
			path = MapBottomSheet;
			sourceTree = "<group>";
		};
		1C98C6A02AA5F17F0029AAAA /* Map */ = {
			isa = PBXGroup;
			children = (
				27CA64F12AA8488000C74113 /* CustomAnnotation.swift */,
				27F281F82AA9B8D3006E180B /* CustomButton.swift */,
				27F281FA2AA9D5C4006E180B /* CircleButton.swift */,
				27CA64F32AA84CE000C74113 /* UIViewPreview.swift */,
				27CA64E32AA5FC3000C74113 /* MapView.swift */,
				27CA64EF2AA7031F00C74113 /* MapViewController.swift */,
			);
			path = Map;
			sourceTree = "<group>";
		};
		1C98C6A22AA5F17F0029AAAA /* SignIn */ = {
			isa = PBXGroup;
			children = (
				1C98C6892AA5EFB30029AAAA /* SigninViewController.swift */,
				1C5004382AAB63B500DBE27E /* TextFieldContainerView.swift */,
				1C50043A2AAB6A4400DBE27E /* BaseUITextField.swift */,
			);
			path = SignIn;
			sourceTree = "<group>";
		};
		1C98C6A42AA5F17F0029AAAA /* Profile */ = {
			isa = PBXGroup;
			children = (
				073E93DE2AA5F7E50008DEC7 /* MyPageViewController.swift */,
			);
			path = Profile;
			sourceTree = "<group>";
		};
/* End PBXGroup section */

/* Begin PBXNativeTarget section */
		1C98C6672AA5ECDD0029AAAA /* Doodle */ = {
			isa = PBXNativeTarget;
			buildConfigurationList = 1C98C67C2AA5ECDE0029AAAA /* Build configuration list for PBXNativeTarget "Doodle" */;
			buildPhases = (
				1C98C6642AA5ECDD0029AAAA /* Sources */,
				1C98C6652AA5ECDD0029AAAA /* Frameworks */,
				1C98C6662AA5ECDD0029AAAA /* Resources */,
			);
			buildRules = (
			);
			dependencies = (
			);
			name = Doodle;
			packageProductDependencies = (
				1C98C6B62AA5F3ED0029AAAA /* Then */,
				1C98C6B92AA5F4160029AAAA /* Alamofire */,
				073E93E62AA6B6D20008DEC7 /* SnapKit */,
				27CA64E92AA607BA00C74113 /* SnapKit */,
			);
			productName = Doodle;
			productReference = 1C98C6682AA5ECDD0029AAAA /* Doodle.app */;
			productType = "com.apple.product-type.application";
		};
/* End PBXNativeTarget section */

/* Begin PBXProject section */
		1C98C6602AA5ECDD0029AAAA /* Project object */ = {
			isa = PBXProject;
			attributes = {
				BuildIndependentTargetsInParallel = 1;
				LastSwiftUpdateCheck = 1430;
				LastUpgradeCheck = 1430;
				TargetAttributes = {
					1C98C6672AA5ECDD0029AAAA = {
						CreatedOnToolsVersion = 14.3.1;
					};
				};
			};
			buildConfigurationList = 1C98C6632AA5ECDD0029AAAA /* Build configuration list for PBXProject "Doodle" */;
			compatibilityVersion = "Xcode 14.0";
			developmentRegion = en;
			hasScannedForEncodings = 0;
			knownRegions = (
				en,
				Base,
			);
			mainGroup = 1C98C65F2AA5ECDD0029AAAA;
			packageReferences = (
				1C98C6B52AA5F3ED0029AAAA /* XCRemoteSwiftPackageReference "Then" */,
				1C98C6B82AA5F4160029AAAA /* XCRemoteSwiftPackageReference "Alamofire" */,
				073E93E52AA6B6D20008DEC7 /* XCRemoteSwiftPackageReference "SnapKit" */,
				27CA64E82AA607BA00C74113 /* XCRemoteSwiftPackageReference "SnapKit" */,
			);
			productRefGroup = 1C98C6692AA5ECDD0029AAAA /* Products */;
			projectDirPath = "";
			projectRoot = "";
			targets = (
				1C98C6672AA5ECDD0029AAAA /* Doodle */,
			);
		};
/* End PBXProject section */

/* Begin PBXResourcesBuildPhase section */
		1C98C6662AA5ECDD0029AAAA /* Resources */ = {
			isa = PBXResourcesBuildPhase;
			buildActionMask = 2147483647;
			files = (
				1C98C6882AA5EDA10029AAAA /* Assets.xcassets in Resources */,
				1C98C6872AA5EDA10029AAAA /* LaunchScreen.storyboard in Resources */,
			);
			runOnlyForDeploymentPostprocessing = 0;
		};
/* End PBXResourcesBuildPhase section */

/* Begin PBXSourcesBuildPhase section */
		1C98C6642AA5ECDD0029AAAA /* Sources */ = {
			isa = PBXSourcesBuildPhase;
			buildActionMask = 2147483647;
			files = (
				1C98C6822AA5ED4A0029AAAA /* AppDelegate.swift in Sources */,
				1C42BA082AA8255300A819BB /* ColorCell.swift in Sources */,
				1C42BA072AA8255300A819BB /* CanvasView.swift in Sources */,
				1C98C6832AA5ED4A0029AAAA /* SceneDelegate.swift in Sources */,
				1C98C6C12AA611D40029AAAA /* CreateDoodleViewController.swift in Sources */,
				27CA64F42AA84CE000C74113 /* UIViewPreview.swift in Sources */,
				1C5004392AAB63B500DBE27E /* TextFieldContainerView.swift in Sources */,
				27CA64F22AA8488000C74113 /* CustomAnnotation.swift in Sources */,
				27CA64F02AA7031F00C74113 /* MapViewController.swift in Sources */,
				27F281F92AA9B8D3006E180B /* CustomButton.swift in Sources */,
				27F2820B2AAD8F76006E180B /* URLEncoder.swift in Sources */,
				1C5004422AAC642900DBE27E /* DoodleMarker.swift in Sources */,
				1C5004352AAB56BE00DBE27E /* UIImage+Extension.swift in Sources */,
				27CA64FC2AA86C8100C74113 /* MapDetailView.swift in Sources */,
				27F281FB2AA9D5C4006E180B /* CircleButton.swift in Sources */,
				073E93DF2AA5F7E50008DEC7 /* MyPageViewController.swift in Sources */,
				1C98C6832AA5ED4A0029AAAA /* SceneDelegate.swift in Sources */,
				1C5004402AAC534300DBE27E /* MapDetailViewController.swift in Sources */,
				0705EB2E2AA740E40032420E /* NowCell.swift in Sources */,
				1C5004372AAB574C00DBE27E /* UIColor+Extension.swift in Sources */,
				073E93E12AA5F8030008DEC7 /* BottomViewController.swift in Sources */,
				27F282092AAD8F69006E180B /* URLManager.swift in Sources */,
				1C50043B2AAB6A4400DBE27E /* BaseUITextField.swift in Sources */,
				C71D12A22AA6ACAA0090581B /* SignupViewController.swift in Sources */,
				1C98C6AF2AA5F19C0029AAAA /* UIView+Extension.swift in Sources */,
				27CA64E42AA5FC3000C74113 /* MapView.swift in Sources */,
				1C98C68A2AA5EFB30029AAAA /* SigninViewController.swift in Sources */,
				1C98C68A2AA5EFB30029AAAA /* SigninViewController.swift in Sources */,
			);
			runOnlyForDeploymentPostprocessing = 0;
		};
/* End PBXSourcesBuildPhase section */

/* Begin XCBuildConfiguration section */
		1C98C67A2AA5ECDE0029AAAA /* Debug */ = {
			isa = XCBuildConfiguration;
			buildSettings = {
				ALWAYS_SEARCH_USER_PATHS = NO;
				CLANG_ANALYZER_NONNULL = YES;
				CLANG_ANALYZER_NUMBER_OBJECT_CONVERSION = YES_AGGRESSIVE;
				CLANG_CXX_LANGUAGE_STANDARD = "gnu++20";
				CLANG_ENABLE_MODULES = YES;
				CLANG_ENABLE_OBJC_ARC = YES;
				CLANG_ENABLE_OBJC_WEAK = YES;
				CLANG_WARN_BLOCK_CAPTURE_AUTORELEASING = YES;
				CLANG_WARN_BOOL_CONVERSION = YES;
				CLANG_WARN_COMMA = YES;
				CLANG_WARN_CONSTANT_CONVERSION = YES;
				CLANG_WARN_DEPRECATED_OBJC_IMPLEMENTATIONS = YES;
				CLANG_WARN_DIRECT_OBJC_ISA_USAGE = YES_ERROR;
				CLANG_WARN_DOCUMENTATION_COMMENTS = YES;
				CLANG_WARN_EMPTY_BODY = YES;
				CLANG_WARN_ENUM_CONVERSION = YES;
				CLANG_WARN_INFINITE_RECURSION = YES;
				CLANG_WARN_INT_CONVERSION = YES;
				CLANG_WARN_NON_LITERAL_NULL_CONVERSION = YES;
				CLANG_WARN_OBJC_IMPLICIT_RETAIN_SELF = YES;
				CLANG_WARN_OBJC_LITERAL_CONVERSION = YES;
				CLANG_WARN_OBJC_ROOT_CLASS = YES_ERROR;
				CLANG_WARN_QUOTED_INCLUDE_IN_FRAMEWORK_HEADER = YES;
				CLANG_WARN_RANGE_LOOP_ANALYSIS = YES;
				CLANG_WARN_STRICT_PROTOTYPES = YES;
				CLANG_WARN_SUSPICIOUS_MOVE = YES;
				CLANG_WARN_UNGUARDED_AVAILABILITY = YES_AGGRESSIVE;
				CLANG_WARN_UNREACHABLE_CODE = YES;
				CLANG_WARN__DUPLICATE_METHOD_MATCH = YES;
				COPY_PHASE_STRIP = NO;
				DEBUG_INFORMATION_FORMAT = dwarf;
				ENABLE_STRICT_OBJC_MSGSEND = YES;
				ENABLE_TESTABILITY = YES;
				GCC_C_LANGUAGE_STANDARD = gnu11;
				GCC_DYNAMIC_NO_PIC = NO;
				GCC_NO_COMMON_BLOCKS = YES;
				GCC_OPTIMIZATION_LEVEL = 0;
				GCC_PREPROCESSOR_DEFINITIONS = (
					"DEBUG=1",
					"$(inherited)",
				);
				GCC_WARN_64_TO_32_BIT_CONVERSION = YES;
				GCC_WARN_ABOUT_RETURN_TYPE = YES_ERROR;
				GCC_WARN_UNDECLARED_SELECTOR = YES;
				GCC_WARN_UNINITIALIZED_AUTOS = YES_AGGRESSIVE;
				GCC_WARN_UNUSED_FUNCTION = YES;
				GCC_WARN_UNUSED_VARIABLE = YES;
				IPHONEOS_DEPLOYMENT_TARGET = 16.4;
				MTL_ENABLE_DEBUG_INFO = INCLUDE_SOURCE;
				MTL_FAST_MATH = YES;
				ONLY_ACTIVE_ARCH = YES;
				SDKROOT = iphoneos;
				SWIFT_ACTIVE_COMPILATION_CONDITIONS = DEBUG;
				SWIFT_OPTIMIZATION_LEVEL = "-Onone";
			};
			name = Debug;
		};
		1C98C67B2AA5ECDE0029AAAA /* Release */ = {
			isa = XCBuildConfiguration;
			buildSettings = {
				ALWAYS_SEARCH_USER_PATHS = NO;
				CLANG_ANALYZER_NONNULL = YES;
				CLANG_ANALYZER_NUMBER_OBJECT_CONVERSION = YES_AGGRESSIVE;
				CLANG_CXX_LANGUAGE_STANDARD = "gnu++20";
				CLANG_ENABLE_MODULES = YES;
				CLANG_ENABLE_OBJC_ARC = YES;
				CLANG_ENABLE_OBJC_WEAK = YES;
				CLANG_WARN_BLOCK_CAPTURE_AUTORELEASING = YES;
				CLANG_WARN_BOOL_CONVERSION = YES;
				CLANG_WARN_COMMA = YES;
				CLANG_WARN_CONSTANT_CONVERSION = YES;
				CLANG_WARN_DEPRECATED_OBJC_IMPLEMENTATIONS = YES;
				CLANG_WARN_DIRECT_OBJC_ISA_USAGE = YES_ERROR;
				CLANG_WARN_DOCUMENTATION_COMMENTS = YES;
				CLANG_WARN_EMPTY_BODY = YES;
				CLANG_WARN_ENUM_CONVERSION = YES;
				CLANG_WARN_INFINITE_RECURSION = YES;
				CLANG_WARN_INT_CONVERSION = YES;
				CLANG_WARN_NON_LITERAL_NULL_CONVERSION = YES;
				CLANG_WARN_OBJC_IMPLICIT_RETAIN_SELF = YES;
				CLANG_WARN_OBJC_LITERAL_CONVERSION = YES;
				CLANG_WARN_OBJC_ROOT_CLASS = YES_ERROR;
				CLANG_WARN_QUOTED_INCLUDE_IN_FRAMEWORK_HEADER = YES;
				CLANG_WARN_RANGE_LOOP_ANALYSIS = YES;
				CLANG_WARN_STRICT_PROTOTYPES = YES;
				CLANG_WARN_SUSPICIOUS_MOVE = YES;
				CLANG_WARN_UNGUARDED_AVAILABILITY = YES_AGGRESSIVE;
				CLANG_WARN_UNREACHABLE_CODE = YES;
				CLANG_WARN__DUPLICATE_METHOD_MATCH = YES;
				COPY_PHASE_STRIP = NO;
				DEBUG_INFORMATION_FORMAT = "dwarf-with-dsym";
				ENABLE_NS_ASSERTIONS = NO;
				ENABLE_STRICT_OBJC_MSGSEND = YES;
				GCC_C_LANGUAGE_STANDARD = gnu11;
				GCC_NO_COMMON_BLOCKS = YES;
				GCC_WARN_64_TO_32_BIT_CONVERSION = YES;
				GCC_WARN_ABOUT_RETURN_TYPE = YES_ERROR;
				GCC_WARN_UNDECLARED_SELECTOR = YES;
				GCC_WARN_UNINITIALIZED_AUTOS = YES_AGGRESSIVE;
				GCC_WARN_UNUSED_FUNCTION = YES;
				GCC_WARN_UNUSED_VARIABLE = YES;
				IPHONEOS_DEPLOYMENT_TARGET = 16.4;
				MTL_ENABLE_DEBUG_INFO = NO;
				MTL_FAST_MATH = YES;
				SDKROOT = iphoneos;
				SWIFT_COMPILATION_MODE = wholemodule;
				SWIFT_OPTIMIZATION_LEVEL = "-O";
				VALIDATE_PRODUCT = YES;
			};
			name = Release;
		};
		1C98C67D2AA5ECDE0029AAAA /* Debug */ = {
			isa = XCBuildConfiguration;
			buildSettings = {
				ASSETCATALOG_COMPILER_APPICON_NAME = AppIcon;
				ASSETCATALOG_COMPILER_GLOBAL_ACCENT_COLOR_NAME = AccentColor;
				CODE_SIGN_STYLE = Automatic;
				CURRENT_PROJECT_VERSION = 1;
				GENERATE_INFOPLIST_FILE = YES;
				INFOPLIST_FILE = Doodle/Info.plist;
				INFOPLIST_KEY_NSPhotoLibraryAddUsageDescription = "TESTER: 그림을 저장하기 위해 권한이 필요합니다.";
				INFOPLIST_KEY_UIApplicationSupportsIndirectInputEvents = YES;
				INFOPLIST_KEY_UILaunchStoryboardName = LaunchScreen;
				INFOPLIST_KEY_UISupportedInterfaceOrientations = UIInterfaceOrientationPortrait;
				LD_RUNPATH_SEARCH_PATHS = (
					"$(inherited)",
					"@executable_path/Frameworks",
				);
				MARKETING_VERSION = 1.0;
				PRODUCT_BUNDLE_IDENTIFIER = com.Sparta.Team.Doodle;
				PRODUCT_NAME = "$(TARGET_NAME)";
				SUPPORTED_PLATFORMS = "iphoneos iphonesimulator";
				SUPPORTS_MACCATALYST = NO;
				SUPPORTS_MAC_DESIGNED_FOR_IPHONE_IPAD = NO;
				SWIFT_EMIT_LOC_STRINGS = YES;
				SWIFT_VERSION = 5.0;
				TARGETED_DEVICE_FAMILY = "1,2";
			};
			name = Debug;
		};
		1C98C67E2AA5ECDE0029AAAA /* Release */ = {
			isa = XCBuildConfiguration;
			buildSettings = {
				ASSETCATALOG_COMPILER_APPICON_NAME = AppIcon;
				ASSETCATALOG_COMPILER_GLOBAL_ACCENT_COLOR_NAME = AccentColor;
				CODE_SIGN_STYLE = Automatic;
				CURRENT_PROJECT_VERSION = 1;
				GENERATE_INFOPLIST_FILE = YES;
				INFOPLIST_FILE = Doodle/Info.plist;
				INFOPLIST_KEY_NSPhotoLibraryAddUsageDescription = "TESTER: 그림을 저장하기 위해 권한이 필요합니다.";
				INFOPLIST_KEY_UIApplicationSupportsIndirectInputEvents = YES;
				INFOPLIST_KEY_UILaunchStoryboardName = LaunchScreen;
				INFOPLIST_KEY_UISupportedInterfaceOrientations = UIInterfaceOrientationPortrait;
				LD_RUNPATH_SEARCH_PATHS = (
					"$(inherited)",
					"@executable_path/Frameworks",
				);
				MARKETING_VERSION = 1.0;
				PRODUCT_BUNDLE_IDENTIFIER = com.Sparta.Team.Doodle;
				PRODUCT_NAME = "$(TARGET_NAME)";
				SUPPORTED_PLATFORMS = "iphoneos iphonesimulator";
				SUPPORTS_MACCATALYST = NO;
				SUPPORTS_MAC_DESIGNED_FOR_IPHONE_IPAD = NO;
				SWIFT_EMIT_LOC_STRINGS = YES;
				SWIFT_VERSION = 5.0;
				TARGETED_DEVICE_FAMILY = "1,2";
			};
			name = Release;
		};
/* End XCBuildConfiguration section */

/* Begin XCConfigurationList section */
		1C98C6632AA5ECDD0029AAAA /* Build configuration list for PBXProject "Doodle" */ = {
			isa = XCConfigurationList;
			buildConfigurations = (
				1C98C67A2AA5ECDE0029AAAA /* Debug */,
				1C98C67B2AA5ECDE0029AAAA /* Release */,
			);
			defaultConfigurationIsVisible = 0;
			defaultConfigurationName = Release;
		};
		1C98C67C2AA5ECDE0029AAAA /* Build configuration list for PBXNativeTarget "Doodle" */ = {
			isa = XCConfigurationList;
			buildConfigurations = (
				1C98C67D2AA5ECDE0029AAAA /* Debug */,
				1C98C67E2AA5ECDE0029AAAA /* Release */,
			);
			defaultConfigurationIsVisible = 0;
			defaultConfigurationName = Release;
		};
/* End XCConfigurationList section */

/* Begin XCRemoteSwiftPackageReference section */
		073E93E52AA6B6D20008DEC7 /* XCRemoteSwiftPackageReference "SnapKit" */ = {
			isa = XCRemoteSwiftPackageReference;
			repositoryURL = "https://github.com/SnapKit/SnapKit.git";
			requirement = {
				kind = upToNextMajorVersion;
				minimumVersion = 5.0.0;
			};
		};
		1C98C6B52AA5F3ED0029AAAA /* XCRemoteSwiftPackageReference "Then" */ = {
			isa = XCRemoteSwiftPackageReference;
			repositoryURL = "https://github.com/devxoul/Then.git";
			requirement = {
				kind = upToNextMajorVersion;
				minimumVersion = 3.0.0;
			};
		};
		1C98C6B82AA5F4160029AAAA /* XCRemoteSwiftPackageReference "Alamofire" */ = {
			isa = XCRemoteSwiftPackageReference;
			repositoryURL = "https://github.com/Alamofire/Alamofire.git";
			requirement = {
				kind = upToNextMajorVersion;
				minimumVersion = 5.0.0;
			};
		};
		27CA64E82AA607BA00C74113 /* XCRemoteSwiftPackageReference "SnapKit" */ = {
			isa = XCRemoteSwiftPackageReference;
			repositoryURL = "https://github.com/SnapKit/SnapKit.git";
			requirement = {
				kind = upToNextMajorVersion;
				minimumVersion = 5.0.0;
			};
		};
/* End XCRemoteSwiftPackageReference section */

/* Begin XCSwiftPackageProductDependency section */
		073E93E62AA6B6D20008DEC7 /* SnapKit */ = {
			isa = XCSwiftPackageProductDependency;
			package = 073E93E52AA6B6D20008DEC7 /* XCRemoteSwiftPackageReference "SnapKit" */;
			productName = SnapKit;
		};
		1C98C6B62AA5F3ED0029AAAA /* Then */ = {
			isa = XCSwiftPackageProductDependency;
			package = 1C98C6B52AA5F3ED0029AAAA /* XCRemoteSwiftPackageReference "Then" */;
			productName = Then;
		};
		1C98C6B92AA5F4160029AAAA /* Alamofire */ = {
			isa = XCSwiftPackageProductDependency;
			package = 1C98C6B82AA5F4160029AAAA /* XCRemoteSwiftPackageReference "Alamofire" */;
			productName = Alamofire;
		};
		27CA64E92AA607BA00C74113 /* SnapKit */ = {
			isa = XCSwiftPackageProductDependency;
			package = 27CA64E82AA607BA00C74113 /* XCRemoteSwiftPackageReference "SnapKit" */;
			productName = SnapKit;
		};
/* End XCSwiftPackageProductDependency section */
	};
	rootObject = 1C98C6602AA5ECDD0029AAAA /* Project object */;
}
